
Microsoft Visual Studio Solution File, Format Version 12.00
# Visual Studio 15
VisualStudioVersion = 15.0.26430.6
MinimumVisualStudioVersion = 10.0.40219.1
Project("{FAE04EC0-301F-11D3-BF4B-00C04F79EFBC}") = "ClearAction_Dashboard", "ClearAction_Dashboard.csproj", "{1F1EF0C0-C255-49C9-B5ED-79AB08F9090A}"
EndProject
Global
	GlobalSection(SolutionConfigurationPlatforms) = preSolution
		AzureDev|Any CPU = AzureDev|Any CPU
		Debug|Any CPU = Debug|Any CPU
		Release|Any CPU = Release|Any CPU
	EndGlobalSection
	GlobalSection(ProjectConfigurationPlatforms) = postSolution
		{1F1EF0C0-C255-49C9-B5ED-79AB08F9090A}.AzureDev|Any CPU.ActiveCfg = AzureDev|Any CPU
		{1F1EF0C0-C255-49C9-B5ED-79AB08F9090A}.AzureDev|Any CPU.Build.0 = AzureDev|Any CPU
		{1F1EF0C0-C255-49C9-B5ED-79AB08F9090A}.Debug|Any CPU.ActiveCfg = Debug|Any CPU
		{1F1EF0C0-C255-49C9-B5ED-79AB08F9090A}.Debug|Any CPU.Build.0 = Debug|Any CPU
		{1F1EF0C0-C255-49C9-B5ED-79AB08F9090A}.Release|Any CPU.ActiveCfg = Release|Any CPU
		{1F1EF0C0-C255-49C9-B5ED-79AB08F9090A}.Release|Any CPU.Build.0 = Release|Any CPU
	EndGlobalSection
	GlobalSection(SolutionProperties) = preSolution
		HideSolutionNode = FALSE
	EndGlobalSection
EndGlobal
