
Microsoft Visual Studio Solution File, Format Version 12.00
# Visual Studio 15
VisualStudioVersion = 15.0.27130.0
MinimumVisualStudioVersion = 10.0.40219.1
Project("{FAE04EC0-301F-11D3-BF4B-00C04F79EFBC}") = "ClearAction_Chat", "ClearAction_Chat\ClearAction_Chat.csproj", "{40972AD4-63DB-4F29-A6C6-B69AFB307188}"
EndProject
Global
	GlobalSection(SolutionConfigurationPlatforms) = preSolution
		Debug|Any CPU = Debug|Any CPU
		Release|Any CPU = Release|Any CPU
	EndGlobalSection
	GlobalSection(ProjectConfigurationPlatforms) = postSolution
		{40972AD4-63DB-4F29-A6C6-B69AFB307188}.Debug|Any CPU.ActiveCfg = Debug|Any CPU
		{40972AD4-63DB-4F29-A6C6-B69AFB307188}.Debug|Any CPU.Build.0 = Debug|Any CPU
		{40972AD4-63DB-4F29-A6C6-B69AFB307188}.Release|Any CPU.ActiveCfg = Release|Any CPU
		{40972AD4-63DB-4F29-A6C6-B69AFB307188}.Release|Any CPU.Build.0 = Release|Any CPU
	EndGlobalSection
	GlobalSection(SolutionProperties) = preSolution
		HideSolutionNode = FALSE
	EndGlobalSection
	GlobalSection(ExtensibilityGlobals) = postSolution
		SolutionGuid = {392E9339-AD77-4DDC-8433-43548C9EB076}
	EndGlobalSection
EndGlobal
