
Microsoft Visual Studio Solution File, Format Version 12.00
# Visual Studio 15
VisualStudioVersion = 15.0.26730.12
MinimumVisualStudioVersion = 10.0.40219.1
Project("{FAE04EC0-301F-11D3-BF4B-00C04F79EFBC}") = "ClearAction_SolveSpaces", "ClearAction_SolveSpaces.csproj", "{F25D221B-CD80-4D68-AD1A-704DBC0596AE}"
EndProject
Global
	GlobalSection(SolutionConfigurationPlatforms) = preSolution
		Debug|Any CPU = Debug|Any CPU
		Release|Any CPU = Release|Any CPU
	EndGlobalSection
	GlobalSection(ProjectConfigurationPlatforms) = postSolution
		{F25D221B-CD80-4D68-AD1A-704DBC0596AE}.Debug|Any CPU.ActiveCfg = Debug|Any CPU
		{F25D221B-CD80-4D68-AD1A-704DBC0596AE}.Debug|Any CPU.Build.0 = Debug|Any CPU
		{F25D221B-CD80-4D68-AD1A-704DBC0596AE}.Release|Any CPU.ActiveCfg = Release|Any CPU
		{F25D221B-CD80-4D68-AD1A-704DBC0596AE}.Release|Any CPU.Build.0 = Release|Any CPU
	EndGlobalSection
	GlobalSection(SolutionProperties) = preSolution
		HideSolutionNode = FALSE
	EndGlobalSection
	GlobalSection(ExtensibilityGlobals) = postSolution
		SolutionGuid = {0430CBAE-29F5-4388-951D-21885D4CCBC8}
	EndGlobalSection
EndGlobal
