
Microsoft Visual Studio Solution File, Format Version 12.00
# Visual Studio Version 16
VisualStudioVersion = 16.0.30804.86
MinimumVisualStudioVersion = 10.0.40219.1
Project("{FAE04EC0-301F-11D3-BF4B-00C04F79EFBC}") = "ClearAction_Login", "ClearAction_Login.csproj", "{8E78EAC5-B733-4D2F-9DFB-7917EC7E116B}"
EndProject
Global
	GlobalSection(SolutionConfigurationPlatforms) = preSolution
		Debug|Any CPU = Debug|Any CPU
		Release|Any CPU = Release|Any CPU
	EndGlobalSection
	GlobalSection(ProjectConfigurationPlatforms) = postSolution
		{8E78EAC5-B733-4D2F-9DFB-7917EC7E116B}.Debug|Any CPU.ActiveCfg = Debug|Any CPU
		{8E78EAC5-B733-4D2F-9DFB-7917EC7E116B}.Debug|Any CPU.Build.0 = Debug|Any CPU
		{8E78EAC5-B733-4D2F-9DFB-7917EC7E116B}.Release|Any CPU.ActiveCfg = Release|Any CPU
		{8E78EAC5-B733-4D2F-9DFB-7917EC7E116B}.Release|Any CPU.Build.0 = Release|Any CPU
	EndGlobalSection
	GlobalSection(SolutionProperties) = preSolution
		HideSolutionNode = FALSE
	EndGlobalSection
	GlobalSection(ExtensibilityGlobals) = postSolution
		SolutionGuid = {496A0B1C-773D-4367-90FC-2E0AA54FDDD4}
	EndGlobalSection
EndGlobal
