
Microsoft Visual Studio Solution File, Format Version 12.00
# Visual Studio 15
VisualStudioVersion = 15.0.26730.12
MinimumVisualStudioVersion = 10.0.40219.1
Project("{FAE04EC0-301F-11D3-BF4B-00C04F79EFBC}") = "ClearAction_UserAnalytics", "ClearAction_UserAnalytics.csproj", "{96865AB7-9499-487A-AADC-4E7731A15230}"
EndProject
Global
	GlobalSection(SolutionConfigurationPlatforms) = preSolution
		Debug|Any CPU = Debug|Any CPU
		Release|Any CPU = Release|Any CPU
	EndGlobalSection
	GlobalSection(ProjectConfigurationPlatforms) = postSolution
		{96865AB7-9499-487A-AADC-4E7731A15230}.Debug|Any CPU.ActiveCfg = Debug|Any CPU
		{96865AB7-9499-487A-AADC-4E7731A15230}.Debug|Any CPU.Build.0 = Debug|Any CPU
		{96865AB7-9499-487A-AADC-4E7731A15230}.Release|Any CPU.ActiveCfg = Release|Any CPU
		{96865AB7-9499-487A-AADC-4E7731A15230}.Release|Any CPU.Build.0 = Release|Any CPU
	EndGlobalSection
	GlobalSection(SolutionProperties) = preSolution
		HideSolutionNode = FALSE
	EndGlobalSection
	GlobalSection(ExtensibilityGlobals) = postSolution
		SolutionGuid = {6D7E6407-D8B2-4287-8AC3-CC7C6E2AC711}
	EndGlobalSection
EndGlobal
